# This file is automatically @generated by Poetry 1.4.2 and should not be changed by hand.

[[package]]
name = "decorator"
version = "5.1.1"
description = "Decorators for Humans"
category = "main"
optional = false
python-versions = ">=3.5"
files = [
    {file = "decorator-5.1.1-py3-none-any.whl", hash = "sha256:b8c3f85900b9dc423225913c5aace94729fe1fa9763b38939a95226f02d37186"},
    {file = "decorator-5.1.1.tar.gz", hash = "sha256:637996211036b6385ef91435e4fae22989472f9d571faba8927ba8253acbc330"},
]

[[package]]
name = "self"
version = "2020.12.3"
description = "@self decorator makes method return self (jQuery-like chaining)"
category = "main"
optional = false
python-versions = "*"
files = [
    {file = "self-2020.12.3.tar.gz", hash = "sha256:a0c408138257e0ba6188f2a7ad80cb3f61c3e48c3f85d1f973a160f6f887dc53"},
]

[package.dependencies]
decorator = "*"

[metadata]
lock-version = "2.0"
python-versions = "^3.11"
content-hash = "55d025d3164476c4dea671cd774f7b5ec346b8953efe6e685dec64d45eada8c1"
